github.com/kylelemons/godebug v1.1.0 h1:RPNrshWIDI6G2gRW9EHilWtl7Z6Sb1BR0xunSBf0SNc=
github.com/kylelemons/godebug v1.1.0/go.mod h1:9/0rRGxNHcop5bhtWyNeEfOS8JIWk580+fNqagV/RAw=
github.com/miekg/dns v1.0.4 h1:Ec3LTJwwzqT1++63P12fhtdEbQhtPE7TBdD6rlhqrMM=
github.com/miekg/dns v1.0.4/go.mod h1:W1PPwlIAgtquWBMBEV9nkV9Cazfe8ScdGz/Lj7v3Nrg=
github.com/naoina/go-stringutil v0.1.0 h1:rCUeRUHjBjGTSHl0VC00jUPLz8/F9dDzYI70Hzifhks=
github.com/naoina/go-stringutil v0.1.0/go.mod h1:XJ2SJL9jCtBh+P9q5btrd/Ylo8XwT/h1USek5+NqSA0=
github.com/naoina/toml v0.1.1 h1:PT/lllxVVN0gzzSqSlHEmP8MJB4MY2U7STGxiouV4X8=
github.com/naoina/toml v0.1.1/go.mod h1:NBIhNtsFMo3G2szEBne+bO4gS192HuIYRqfvOWb4i1E=
golang.org/x/crypto v0.0.0-20180206190813-d9133f546934 h1:UbtgwftcdEk1BsxGUZ2PA880WW9HqmwoQn6MKRkNelQ=
golang.org/x/crypto v0.0.0-20180206190813-d9133f546934/go.mod h1:6SG95UA2DQfeDnfUPMdvaQW0Q7yPrPDi9nlGo2tz2b4=
golang.org/x/net v0.0.0-20180202180947-2fb46b16b8dd h1:sFXnfxrhbeCXDiKa6Ra98LxiHoUWSHs9AKOxFURy5pY=
golang.org/x/net v0.0.0-20180202180947-2fb46b16b8dd/go.mod h1:mL1N/T3taQHkDXs73rZJwtUhF3w3ftmwwsq0BUmARs4=
