# This file is autogenerated, do not edit; changes may be undone by the next 'dep ensure'.


[[projects]]
  branch = "master"
  name = "github.com/fangdingjun/gpp"
  packages = ["util"]
  revision = "8e16be0fef294f6af1f8b7e7ee9cbf21ca2d8cb7"

[[projects]]
  name = "github.com/miekg/dns"
  packages = ["."]
  revision = "2d7eb4f050c25a6d4401af9abd939d42ac773331"

[[projects]]
  name = "github.com/naoina/go-stringutil"
  packages = ["."]
  revision = "6b638e95a32d0c1131db0e7fe83775cbea4a0d0b"
  version = "v0.1.0"

[[projects]]
  name = "github.com/naoina/toml"
  packages = [".","ast"]
  revision = "7a3d4a6210ea3f8a66f704c5603ff27fb91fea8e"

[solve-meta]
  analyzer-name = "dep"
  analyzer-version = 1
  inputs-digest = "dba407a6aa164dcea623a1c30e5ac2b17f7fc4e4d00425250e6d9f126128e192"
  solver-name = "gps-cdcl"
  solver-version = 1
