github.com/darvaza-proxy/core v0.6.5 h1:El8PxD6l4MnLq6ofR075Y/4ApJVWTjcRJl0y9K6Hqzc=
github.com/darvaza-proxy/core v0.6.5/go.mod h1:FHUkT+KktIBMMwtdSwsSzienEncwI7EI9OKaOZvT5IU=
github.com/darvaza-proxy/slog v0.4.6 h1:7q5WjWCd4EU5c9ZRIVYst4sJFh2OYJRS3FqEyRMRrK0=
github.com/darvaza-proxy/slog v0.4.6/go.mod h1:aFSxsH/VKTwnabhemAb5vJQ5/Q9p1FtQ1P2E+WkVyqk=
github.com/darvaza-proxy/slog/handlers/cblog v0.4.1 h1:Q1H/AmhEIlMS8oz/yJx/5UsFlJZtZwP1Rudkza84guQ=
github.com/darvaza-proxy/slog/handlers/cblog v0.4.1/go.mod h1:mlrLhuOCOAq2YGYvK5DO6oMKk/YwaYrA/3+tmwkBn9Y=
github.com/kylelemons/godebug v1.1.0 h1:RPNrshWIDI6G2gRW9EHilWtl7Z6Sb1BR0xunSBf0SNc=
github.com/kylelemons/godebug v1.1.0/go.mod h1:9/0rRGxNHcop5bhtWyNeEfOS8JIWk580+fNqagV/RAw=
github.com/miekg/dns v1.1.52 h1:Bmlc/qsNNULOe6bpXcUTsuOajd0DzRHwup6D9k1An0c=
github.com/miekg/dns v1.1.52/go.mod h1:uInx36IzPl7FYnDcMeVWxj9byh7DutNykX4G9Sj60FY=
github.com/naoina/go-stringutil v0.1.0 h1:rCUeRUHjBjGTSHl0VC00jUPLz8/F9dDzYI70Hzifhks=
github.com/naoina/go-stringutil v0.1.0/go.mod h1:XJ2SJL9jCtBh+P9q5btrd/Ylo8XwT/h1USek5+NqSA0=
github.com/naoina/toml v0.1.1 h1:PT/lllxVVN0gzzSqSlHEmP8MJB4MY2U7STGxiouV4X8=
github.com/naoina/toml v0.1.1/go.mod h1:NBIhNtsFMo3G2szEBne+bO4gS192HuIYRqfvOWb4i1E=
golang.org/x/mod v0.9.0 h1:KENHtAZL2y3NLMYZeHY9DW8HW8V+kQyJsY/V9JlKvCs=
golang.org/x/mod v0.9.0/go.mod h1:iBbtSCu2XBx23ZKBPSOrRkjjQPZFPuis4dIYUhu/chs=
golang.org/x/net v0.8.0 h1:Zrh2ngAOFYneWTAIAPethzeaQLuHwhuBkuV6ZiRnUaQ=
golang.org/x/net v0.8.0/go.mod h1:QVkue5JL9kW//ek3r6jTKnTFis1tRmNAW2P1shuFdJc=
golang.org/x/sync v0.1.0 h1:wsuoTGHzEhffawBOhz5CYhcrV4IdKZbEyZjBMuTp12o=
golang.org/x/sys v0.6.0 h1:MVltZSvRTcU2ljQOhs94SXPftV6DCNnZViHeQps87pQ=
golang.org/x/sys v0.6.0/go.mod h1:oPkhp1MJrh7nUepCBck5+mAzfO9JrbApNNgaTdGDITg=
golang.org/x/text v0.8.0 h1:57P1ETyNKtuIjB4SRd15iJxuhj8Gc416Y78H3qgMh68=
golang.org/x/text v0.8.0/go.mod h1:e1OnstbJyHTd6l/uOt8jFFHp6TRDWZR/bV3emEE/zU8=
golang.org/x/tools v0.7.0 h1:W4OVu8VVOaIO0yzWMNdepAulS7YfoS3Zabrm8DOXXU4=
golang.org/x/tools v0.7.0/go.mod h1:4pg6aUX35JBAogB10C9AtvVL+qowtN4pT3CGSQex14s=
