darvaza.org/core v0.15.0 h1:9BCUOH3Evu7l4KzqSr49AgQHw9hQSckYVzTkaa3bOB0=
darvaza.org/core v0.15.0/go.mod h1:pXwSuJ8r20wSBOS8s5QfhkI2UvRSZgriwYtSIa+fojs=
darvaza.org/middleware v0.2.9 h1:iE+da/qDlzRnR7Rx8TpNmCxJQQatZ2S8O/wcSlq7/mA=
darvaza.org/middleware v0.2.9/go.mod h1:hv5j36aIK+x+c1O7uc6q1jOUHBZzFXaslUhyYL/W+K8=
darvaza.org/x/fs v0.3.3 h1:EXMgutKhk0fljRlDCkJb7RrbMJRhyfnO41h7bxchAFs=
darvaza.org/x/fs v0.3.3/go.mod h1:BJBKXHolO5w7up9jqQLk8iLVtmubjUCx3Qp6K0aw9cg=
darvaza.org/x/web v0.9.0 h1:rRuBBWsDIEke/Lz103xSaOEexthV3d3rH819cpToUPA=
darvaza.org/x/web v0.9.0/go.mod h1:/70XesLvmRQFb7Vr0YhlAkwh/FG6eZvf6eANy1ayQKw=
github.com/gobwas/glob v0.2.3 h1:A4xDbljILXROh+kObIiy5kIaPYD8e96x1tgBhUI5J+Y=
github.com/gobwas/glob v0.2.3/go.mod h1:d3Ez4x06l9bZtSvzIay5+Yzi0fmZzPgnTbPcKjJAkT8=
golang.org/x/net v0.30.0 h1:AcW1SDZMkb8IpzCdQUaIq2sP4sZ4zw+55h6ynffypl4=
golang.org/x/net v0.30.0/go.mod h1:2wGyMJ5iFasEhkwi13ChkO/t1ECNC4X4eBKkVFyYFlU=
golang.org/x/text v0.19.0 h1:kTxAhCbGbxhK0IwgSKiMO5awPoDQ0RpfiVYBfK860YM=
golang.org/x/text v0.19.0/go.mod h1:BuEKDfySbSR4drPmRPG/7iBdf8hvFMuRexcpahXilzY=
