darvaza.org/core v0.15.4 h1:R0kHauyfjT4gEP0YxITxgCoONQ7JVsM/Fc9qblkzaaU=
darvaza.org/core v0.15.4/go.mod h1:TZvRGmS6O6bIaN2/VFGf/GhCEBbOlTd51G7tQx6qdwM=
darvaza.org/middleware v0.2.11 h1:EaDbgTMisp8DBkN12MzA5xymupVuvEz1xnaUKVcim0I=
darvaza.org/middleware v0.2.11/go.mod h1:qtTBb0LEgI2Nzxphb17+9g8s2RZSlnKMDw3FDf1HRq4=
darvaza.org/x/fs v0.3.7 h1:cSwvZ2EUkG5A/1xI2Bs7dktizMQFn98qQ92cU2KF9P4=
darvaza.org/x/fs v0.3.7/go.mod h1:6Djo3BGBjKhIZwU5At9UIpq1YXVaqmiXmQgMIc0kueI=
darvaza.org/x/web v0.9.4 h1:0YgmrfpGupCTz8Cul7Mpvt0qoK0W5iUv7SR0xf4dcOw=
darvaza.org/x/web v0.9.4/go.mod h1:ZghgGWND+gCcCxjShIRhSB0tUaapDAHhXOnZSy0lH3E=
github.com/gobwas/glob v0.2.3 h1:A4xDbljILXROh+kObIiy5kIaPYD8e96x1tgBhUI5J+Y=
github.com/gobwas/glob v0.2.3/go.mod h1:d3Ez4x06l9bZtSvzIay5+Yzi0fmZzPgnTbPcKjJAkT8=
golang.org/x/net v0.32.0 h1:ZqPmj8Kzc+Y6e0+skZsuACbx+wzMgo5MQsJh9Qd6aYI=
golang.org/x/net v0.32.0/go.mod h1:CwU0IoeOlnQQWJ6ioyFrfRuomB8GKF6KbYXZVyeXNfs=
golang.org/x/text v0.21.0 h1:zyQAAkrwaneQ066sspRyJaG9VNi/YJ1NfzcGB3hZ/qo=
golang.org/x/text v0.21.0/go.mod h1:4IBbMaMmOPCJ8SecivzSH54+73PCFmPWxNTLm+vZkEQ=
