darvaza.org/core v0.10.0 h1:/nQOSWnMgWW8ZJmv3AEdTgIK+Pg4lkPd+VNejL84q3M=
darvaza.org/core v0.10.0/go.mod h1:72iWMVoXjMHjsPSlctDzA7yKzwXsj5dO+se6F9B3ERs=
darvaza.org/darvaza/shared/web v0.3.11 h1:TshGAKWt9OTjWQq6oYjFF/KKN8hZ1eS5ApZJycMM7g4=
darvaza.org/darvaza/shared/web v0.3.11/go.mod h1:W56Im4j2kDfQfRDAQzxXhkitpt57pT7ZKlxZL+tokuM=
darvaza.org/middleware v0.2.6 h1:CE9l236k/9FQsqMv1nhpUKgVJP1LLbixqzCvWuv1X2I=
darvaza.org/middleware v0.2.6/go.mod h1:Dou0RzAi1beOlH9hXouGhQ2jKVWSfEzmGzZNEFMIWUE=
golang.org/x/exp v0.0.0-20240103183307-be819d1f06fc h1:ao2WRsKSzW6KuUY9IWPwWahcHCgR0s52IfwutMfEbdM=
golang.org/x/exp v0.0.0-20240103183307-be819d1f06fc/go.mod h1:iRJReGqOEeBhDZGkGbynYwcHlctCvnjTYIamk7uXpHI=
golang.org/x/net v0.20.0 h1:aCL9BSgETF1k+blQaYUBx9hJ9LOGP3gAVemcZlf1Kpo=
golang.org/x/net v0.20.0/go.mod h1:z8BVo6PvndSri0LbOE3hAn0apkU+1YvI6E70E9jsnvY=
golang.org/x/text v0.14.0 h1:ScX5w1eTa3QqT8oi6+ziP7dTV1S2+ALU0bI+0zXKWiQ=
golang.org/x/text v0.14.0/go.mod h1:18ZOQIKpY8NJVqYksKHtTdi31H5itFRjB5/qKTNYzSU=
