darvaza.org/core v0.16.1 h1:SlxZNDBaCbP7mgHmCLSQFYL65pZP9QbxdE1JfMXgTjM=
darvaza.org/core v0.16.1/go.mod h1:2waZw8lmo4E9B/R9XltA2bcUmZQURwEoct1iPLesDEQ=
darvaza.org/slog v0.6.1 h1:yqeRVexveWMw0hc5Cj4EO+GupgSBzms0ffq6sxG2p58=
darvaza.org/slog v0.6.1/go.mod h1:XeEpDDREfjRGCPlS8IWA3AppoUdBARAY/T7DlBTYUuk=
darvaza.org/slog/handlers/cblog v0.6.1 h1:/w87RhoDqpkgYV2BiCb/XYR4oTUdHQeUbVN0aJ3Cark=
darvaza.org/slog/handlers/cblog v0.6.1/go.mod h1:/b53h0tmpjPfCQTRWwTrwNUGBO1x7g+sr0nw6i6KhCo=
darvaza.org/slog/handlers/discard v0.5.1 h1:WvSrGXbAfCVxSrMIS2pWzKxb2u4ZDoQtunl15aEFA/4=
darvaza.org/slog/handlers/discard v0.5.1/go.mod h1:p+gdX9PZ/Ke6Ax+7z/rXpGS9wxnSFi/idXXBtylemc4=
darvaza.org/x/fs v0.4.1 h1:Wnme0TCsLTn5bR3ZssryU2KDIxm2e+WKiAubBPhFsLE=
darvaza.org/x/fs v0.4.1/go.mod h1:a31XSiTxSyRuFKS6GKmVeS+8SRGMVmC1XD/jwhm22kE=
darvaza.org/x/tls v0.5.1 h1:k7dyfUldCz0O2u4NZg6LF/AAsz3uteBPcvd46HjZuA4=
darvaza.org/x/tls v0.5.1/go.mod h1:7ER4p1Ok7Jt+3dHdWHJkteBxFoelPNMQcv1+Ns+Khdc=
github.com/klauspost/cpuid/v2 v2.2.9 h1:66ze0taIn2H33fBvCkXuv9BmCwDfafmiIVpKV9kKGuY=
github.com/klauspost/cpuid/v2 v2.2.9/go.mod h1:rqkxqrZ1EhYM9G+hXH7YdowN5R5RGN6NK4QwQ3WMXF8=
github.com/zeebo/assert v1.1.0 h1:hU1L1vLTHsnO8x8c9KAR5GmM5QscxHg5RNU5z5qbUWY=
github.com/zeebo/assert v1.1.0/go.mod h1:Pq9JiuJQpG8JLJdtkwrJESF0Foym2/D9XMU5ciN/wJ0=
github.com/zeebo/blake3 v0.2.4 h1:KYQPkhpRtcqh0ssGYcKLG1JYvddkEA8QwCM/yBqhaZI=
github.com/zeebo/blake3 v0.2.4/go.mod h1:7eeQ6d2iXWRGF6npfaxl2CU+xy2Fjo2gxeyZGCRUjcE=
github.com/zeebo/pcg v1.0.1 h1:lyqfGeWiv4ahac6ttHs+I5hwtH/+1mrhlCtVNQM2kHo=
github.com/zeebo/pcg v1.0.1/go.mod h1:09F0S9iiKrwn9rlI5yjLkmrug154/YRW6KnnXVDM/l4=
golang.org/x/crypto v0.36.0 h1:AnAEvhDddvBdpY+uR+MyHmuZzzNqXSe/GvuDeob5L34=
golang.org/x/crypto v0.36.0/go.mod h1:Y4J0ReaxCR1IMaabaSMugxJES1EpwhBHhv2bDHklZvc=
golang.org/x/net v0.37.0 h1:1zLorHbz+LYj7MQlSf1+2tPIIgibq2eL5xkrGk6f+2c=
golang.org/x/net v0.37.0/go.mod h1:ivrbrMbzFq5J41QOQh0siUuly180yBYtLp+CKbEaFx8=
golang.org/x/sync v0.12.0 h1:MHc5BpPuC30uJk597Ri8TV3CNZcTLu6B6z4lJy+g6Jw=
golang.org/x/sync v0.12.0/go.mod h1:1dzgHSNfp02xaA81J2MS99Qcpr2w7fw1gpm99rleRqA=
golang.org/x/sys v0.31.0 h1:ioabZlmFYtWhL+TRYpcnNlLwhyxaM9kWTDEmfnprqik=
golang.org/x/sys v0.31.0/go.mod h1:BJP2sWEmIv4KK5OTEluFJCKSidICx8ciO85XgH3Ak8k=
golang.org/x/text v0.23.0 h1:D71I7dUrlY+VX0gQShAThNGHFxZ13dGLBHQLVl1mJlY=
golang.org/x/text v0.23.0/go.mod h1:/BLNzu4aZCJ1+kcD0DNRotWKage4q2rGVAg4o22unh4=
