darvaza.org/core v0.15.3 h1:gfzWN8CyRrQVikFpEj89W4WZ00OIN8VYxRWHEwG2WyQ=
darvaza.org/core v0.15.3/go.mod h1:S8QWBUX2FOYcT7Cl3K6oG6PSJDm6/2cI79MPEyRh844=
darvaza.org/core v0.15.4 h1:R0kHauyfjT4gEP0YxITxgCoONQ7JVsM/Fc9qblkzaaU=
darvaza.org/core v0.15.4/go.mod h1:TZvRGmS6O6bIaN2/VFGf/GhCEBbOlTd51G7tQx6qdwM=
darvaza.org/core v0.15.6 h1:hQ4GvE6G9I5nQNfzXKRFt3umZuwO0rFFiuMfMXGnUSY=
darvaza.org/core v0.15.6/go.mod h1:oKblI5yWNc1km+JzkFBF0w7lrr7M719cHWVwvvbjHek=
darvaza.org/middleware v0.2.10 h1:DX6DTeRuCMH+nEKR9fsSut2c62aarjSxn9oKtXRg65E=
darvaza.org/middleware v0.2.10/go.mod h1:QJjzlTXX3xSAq+owN0BNJ3kcAZ+3J8+2G9ayig+W+Iw=
darvaza.org/middleware v0.2.11 h1:EaDbgTMisp8DBkN12MzA5xymupVuvEz1xnaUKVcim0I=
darvaza.org/middleware v0.2.11/go.mod h1:qtTBb0LEgI2Nzxphb17+9g8s2RZSlnKMDw3FDf1HRq4=
darvaza.org/slog v0.5.14 h1:F8+OU0u3GbfNzHaJRT8XWgr07LK2ExFLA1BRks1qtgk=
darvaza.org/slog v0.5.14/go.mod h1:PQfXbRaX8pGYhD5Xi+vAJBCUlHcmajNjMZGAfrcu7/E=
darvaza.org/slog v0.5.15 h1:9bH8EwS7+0HTa2UaHv50+lGEtHx5r3p4WCxb9jhyx4k=
darvaza.org/slog v0.5.15/go.mod h1:afFcsqa/+VulEjkhiBqVdLx6yE32aBWIxQ+ww7KtFPU=
darvaza.org/slog/handlers/discard v0.4.16 h1:Da0eVJzVhVzw4an17RUw2IyFLU4p8bJPstflGP9x0Mk=
darvaza.org/slog/handlers/discard v0.4.16/go.mod h1:TwlJEjWsyXyy3IAYk9CCbIgZRPkvjtc7zPbXK7eFkkk=
darvaza.org/x/fs v0.3.5 h1:RVfLjp+hqeIGIAFwWQz20xkESQHVlq0IYLS4bfq+/bI=
darvaza.org/x/fs v0.3.5/go.mod h1:mBuffY5Sv0X38cMnPYHQ7W8kUFHKLR14vE88uC4jNpc=
darvaza.org/x/fs v0.3.6 h1:rq7jtJqn8k9neM382K8Q/5J2iRk/Pj2tlJ3MwyKbsiU=
darvaza.org/x/fs v0.3.6/go.mod h1:+8XfpO5JA3CRcwytwtpEFpo4iwLnXdSZFHxskHHhyss=
darvaza.org/x/fs v0.3.7 h1:cSwvZ2EUkG5A/1xI2Bs7dktizMQFn98qQ92cU2KF9P4=
darvaza.org/x/fs v0.3.7/go.mod h1:6Djo3BGBjKhIZwU5At9UIpq1YXVaqmiXmQgMIc0kueI=
darvaza.org/x/net v0.3.7 h1:BM5s18k2lTC8PvaO9uyv1oOgUY0J87iWCkq/Zj1go3k=
darvaza.org/x/net v0.3.7/go.mod h1:wv1brXwGsdyGrAXRAkfvi2FwPJahIu7ezcfxBfRdQiw=
darvaza.org/x/net v0.4.0 h1:KBl4vb1mbXZMz+8gTpfJrFSAOAkoiNVLoYhyDXTBfcs=
darvaza.org/x/net v0.4.0/go.mod h1:eY2oHwPpBbCWl4AKkiFMxWUuS/5KHqxINev4Ixxe8Uc=
darvaza.org/x/net v0.4.2 h1:x0xqOQOwChTcrhN/ignnxeXcudQg639aPWQJGoJzkNc=
darvaza.org/x/net v0.4.2/go.mod h1:JU3BbPfCXxPuvch1hLnj/mGs/hrger6V8AXmvgi2X2s=
darvaza.org/x/tls v0.3.0 h1:N/0okYJluCsT/XG6cuUbLBN85diAFU1njxDA2hSW7zs=
darvaza.org/x/tls v0.3.0/go.mod h1:/s2GkmRYUyDfFHrvqdxISzBKVl8WRrif3E1/IVJmzAA=
darvaza.org/x/tls v0.4.1 h1:OdynPmJpUJcjPzIUhk0gzxsdwPezRD6c97p1bGnz56c=
darvaza.org/x/tls v0.4.1/go.mod h1:6pYfoSeXBHIlLyI1iNJpOFFbyVKhU+5MInhGwdRDcBs=
darvaza.org/x/tls v0.4.3 h1:59or3uvP76asgf4bnR3Gt+6iOIeC9gLLdRA8p/g8Kb4=
darvaza.org/x/tls v0.4.3/go.mod h1:OgqMCJyJ7YWW0rg8KIyFnwEx7/0WUKzhNkCmInQiFrY=
darvaza.org/x/web v0.9.2 h1:tQ/XpGcLSbJAIbAimD80NCBjTaL+edpO1NxINxhP5GQ=
darvaza.org/x/web v0.9.2/go.mod h1:MT1pX8RZx8Vhz8I4vYdaX37hbYPkerrcuQuxBgOfpr4=
darvaza.org/x/web v0.9.4 h1:0YgmrfpGupCTz8Cul7Mpvt0qoK0W5iUv7SR0xf4dcOw=
darvaza.org/x/web v0.9.4/go.mod h1:ZghgGWND+gCcCxjShIRhSB0tUaapDAHhXOnZSy0lH3E=
github.com/davecgh/go-spew v1.1.0/go.mod h1:J7Y8YcW2NihsgmVo/mv3lAwl/skON4iLHjSsI+c5H38=
github.com/davecgh/go-spew v1.1.1 h1:vj9j/u1bqnvCEfJOwUhtlOARqs3+rkHYY13jYWTU97c=
github.com/davecgh/go-spew v1.1.1/go.mod h1:J7Y8YcW2NihsgmVo/mv3lAwl/skON4iLHjSsI+c5H38=
github.com/go-logr/logr v1.3.0 h1:2y3SDp0ZXuc6/cjLSZ+Q3ir+QB9T/iG5yYRXqsagWSY=
github.com/go-logr/logr v1.3.0/go.mod h1:9T104GzyrTigFIr8wt5mBrctHMim0Nb2HLGrmQ40KvY=
github.com/go-task/slim-sprig v0.0.0-20230315185526-52ccab3ef572 h1:tfuBGBXKqDEevZMzYi5KSi8KkcZtzBcTgAUUtapy0OI=
github.com/go-task/slim-sprig v0.0.0-20230315185526-52ccab3ef572/go.mod h1:9Pwr4B2jHnOSGXyyzV8ROjYa2ojvAY6HCGYYfMoC3Ls=
github.com/gobwas/glob v0.2.3 h1:A4xDbljILXROh+kObIiy5kIaPYD8e96x1tgBhUI5J+Y=
github.com/gobwas/glob v0.2.3/go.mod h1:d3Ez4x06l9bZtSvzIay5+Yzi0fmZzPgnTbPcKjJAkT8=
github.com/golang/protobuf v1.5.4 h1:i7eJL8qZTpSEXOPTxNKhASYpMn+8e5Q6AdndVa1dWek=
github.com/golang/protobuf v1.5.4/go.mod h1:lnTiLA8Wa4RWRcIUkrtSVa5nRhsEGBg48fD6rSs7xps=
github.com/google/go-cmp v0.6.0 h1:ofyhxvXcZhMsU5ulbFiLKl/XBFqE1GSq7atu8tAmTRI=
github.com/google/go-cmp v0.6.0/go.mod h1:17dUlkBOakJ0+DkrSSNjCkIjxS6bF9zb3elmeNGIjoY=
github.com/google/pprof v0.0.0-20231229205709-960ae82b1e42 h1:dHLYa5D8/Ta0aLR2XcPsrkpAgGeFs6thhMcQK0oQ0n8=
github.com/google/pprof v0.0.0-20231229205709-960ae82b1e42/go.mod h1:czg5+yv1E0ZGTi6S6vVK1mke0fV+FaUhNGcd6VRS9Ik=
github.com/onsi/ginkgo/v2 v2.15.0 h1:79HwNRBAZHOEwrczrgSOPy+eFTTlIGELKy5as+ClttY=
github.com/onsi/ginkgo/v2 v2.15.0/go.mod h1:HlxMHtYF57y6Dpf+mc5529KKmSq9h2FpCF+/ZkwUxKM=
github.com/onsi/gomega v1.30.0 h1:hvMK7xYz4D3HapigLTeGdId/NcfQx1VHMJc60ew99+8=
github.com/onsi/gomega v1.30.0/go.mod h1:9sxs+SwGrKI0+PWe4Fxa9tFQQBG5xSsSbMXOI8PPpoQ=
github.com/pmezard/go-difflib v1.0.0 h1:4DBwDE0NGyQoBHbLQYPwSUPoCMWR5BEzIk/f1lZbAQM=
github.com/pmezard/go-difflib v1.0.0/go.mod h1:iKH77koFhYxTK1pcRnkKkqfTogsbg7gZNVY4sRDYZ/4=
github.com/quic-go/qpack v0.4.0 h1:Cr9BXA1sQS2SmDUWjSofMPNKmvF6IiIfDRmgU0w1ZCo=
github.com/quic-go/qpack v0.4.0/go.mod h1:UZVnYIfi5GRk+zI9UMaCPsmZ2xKJP7XBUvVyT1Knj9A=
github.com/quic-go/quic-go v0.42.0 h1:uSfdap0eveIl8KXnipv9K7nlwZ5IqLlYOpJ58u5utpM=
github.com/quic-go/quic-go v0.42.0/go.mod h1:132kz4kL3F9vxhW3CtQJLDVwcFe5wdWeJXXijhsO57M=
github.com/stretchr/objx v0.1.0/go.mod h1:HFkY916IF+rwdDfMAkV7OtwuqBVzrE8GR6GFx+wExME=
github.com/stretchr/testify v1.6.1/go.mod h1:6Fq8oRcR53rry900zMqJjRRixrwX3KX962/h/Wwjteg=
github.com/stretchr/testify v1.9.0 h1:HtqpIVDClZ4nwg75+f6Lvsy/wHu+3BoSGCbBAcpTsTg=
github.com/stretchr/testify v1.9.0/go.mod h1:r2ic/lqez/lEtzL7wO/rwa5dbSLXVDPFyf8C91i36aY=
go.uber.org/mock v0.4.0 h1:VcM4ZOtdbR4f6VXfiOpwpVJDL6lCReaZ6mw31wqh7KU=
go.uber.org/mock v0.4.0/go.mod h1:a6FSlNadKUHUa9IP5Vyt1zh4fC7uAwxMutEAscFbkZc=
golang.org/x/crypto v0.29.0 h1:L5SG1JTTXupVV3n6sUqMTeWbjAyfPwoda2DLX8J8FrQ=
golang.org/x/crypto v0.29.0/go.mod h1:+F4F4N5hv6v38hfeYwTdx20oUvLLc+QfrE9Ax9HtgRg=
golang.org/x/crypto v0.30.0 h1:RwoQn3GkWiMkzlX562cLB7OxWvjH1L8xutO2WoJcRoY=
golang.org/x/crypto v0.30.0/go.mod h1:kDsLvtWBEx7MV9tJOj9bnXsPbxwJQ6csT/x4KIN4Ssk=
golang.org/x/crypto v0.31.0 h1:ihbySMvVjLAeSH1IbfcRTkD/iNscyz8rGzjF/E5hV6U=
golang.org/x/crypto v0.31.0/go.mod h1:kDsLvtWBEx7MV9tJOj9bnXsPbxwJQ6csT/x4KIN4Ssk=
golang.org/x/crypto v0.32.0 h1:euUpcYgM8WcP71gNpTqQCn6rC2t6ULUPiOzfWaXVVfc=
golang.org/x/crypto v0.32.0/go.mod h1:ZnnJkOaASj8g0AjIduWNlq2NRxL0PlBrbKVyZ6V/Ugc=
golang.org/x/exp v0.0.0-20240719175910-8a7402abbf56 h1:2dVuKD2vS7b0QIHQbpyTISPd0LeHDbnYEryqj5Q1ug8=
golang.org/x/exp v0.0.0-20240719175910-8a7402abbf56/go.mod h1:M4RDyNAINzryxdtnbRXRL/OHtkFuWGRjvuhBJpk2IlY=
golang.org/x/mod v0.20.0 h1:utOm6MM3R3dnawAiJgn0y+xvuYRsm1RKM/4giyfDgV0=
golang.org/x/mod v0.20.0/go.mod h1:hTbmBsO62+eylJbnUtE2MGJUyE7QWk4xUqPFrRgJ+7c=
golang.org/x/net v0.31.0 h1:68CPQngjLL0r2AlUKiSxtQFKvzRVbnzLwMUn5SzcLHo=
golang.org/x/net v0.31.0/go.mod h1:P4fl1q7dY2hnZFxEk4pPSkDHF+QqjitcnDjUQyMM+pM=
golang.org/x/net v0.32.0 h1:ZqPmj8Kzc+Y6e0+skZsuACbx+wzMgo5MQsJh9Qd6aYI=
golang.org/x/net v0.32.0/go.mod h1:CwU0IoeOlnQQWJ6ioyFrfRuomB8GKF6KbYXZVyeXNfs=
golang.org/x/net v0.33.0 h1:74SYHlV8BIgHIFC/LrYkOGIwL19eTYXQ5wc6TBuO36I=
golang.org/x/net v0.33.0/go.mod h1:HXLR5J+9DxmrqMwG9qjGCxZ+zKXxBru04zlTvWlWuN4=
golang.org/x/net v0.34.0 h1:Mb7Mrk043xzHgnRM88suvJFwzVrRfHEHJEl5/71CKw0=
golang.org/x/net v0.34.0/go.mod h1:di0qlW3YNM5oh6GqDGQr92MyTozJPmybPK4Ev/Gm31k=
golang.org/x/sync v0.9.0 h1:fEo0HyrW1GIgZdpbhCRO0PkJajUS5H9IFUztCgEo2jQ=
golang.org/x/sync v0.9.0/go.mod h1:Czt+wKu1gCyEFDUtn0jG5QVvpJ6rzVqr5aXyt9drQfk=
golang.org/x/sync v0.10.0 h1:3NQrjDixjgGwUOCaF8w2+VYHv0Ve/vGYSbdkTa98gmQ=
golang.org/x/sync v0.10.0/go.mod h1:Czt+wKu1gCyEFDUtn0jG5QVvpJ6rzVqr5aXyt9drQfk=
golang.org/x/sys v0.27.0 h1:wBqf8DvsY9Y/2P8gAfPDEYNuS30J4lPHJxXSb/nJZ+s=
golang.org/x/sys v0.27.0/go.mod h1:/VUhepiaJMQUp4+oa/7Zr1D23ma6VTLIYjOOTFZPUcA=
golang.org/x/sys v0.28.0 h1:Fksou7UEQUWlKvIdsqzJmUmCX3cZuD2+P3XyyzwMhlA=
golang.org/x/sys v0.28.0/go.mod h1:/VUhepiaJMQUp4+oa/7Zr1D23ma6VTLIYjOOTFZPUcA=
golang.org/x/sys v0.29.0 h1:TPYlXGxvx1MGTn2GiZDhnjPA9wZzZeGKHHmKhHYvgaU=
golang.org/x/sys v0.29.0/go.mod h1:/VUhepiaJMQUp4+oa/7Zr1D23ma6VTLIYjOOTFZPUcA=
golang.org/x/text v0.20.0 h1:gK/Kv2otX8gz+wn7Rmb3vT96ZwuoxnQlY+HlJVj7Qug=
golang.org/x/text v0.20.0/go.mod h1:D4IsuqiFMhST5bX19pQ9ikHC2GsaKyk/oF+pn3ducp4=
golang.org/x/text v0.21.0 h1:zyQAAkrwaneQ066sspRyJaG9VNi/YJ1NfzcGB3hZ/qo=
golang.org/x/text v0.21.0/go.mod h1:4IBbMaMmOPCJ8SecivzSH54+73PCFmPWxNTLm+vZkEQ=
golang.org/x/time v0.5.0 h1:o7cqy6amK/52YcAKIPlM3a+Fpj35zvRj2TP+e1xFSfk=
golang.org/x/time v0.5.0/go.mod h1:3BpzKBy/shNhVucY/MWOyx10tF3SFh9QdLuxbVysPQM=
golang.org/x/tools v0.24.0 h1:J1shsA93PJUEVaUSaay7UXAyE8aimq3GW0pjlolpa24=
golang.org/x/tools v0.24.0/go.mod h1:YhNqVBIfWHdzvTLs0d8LCuMhkKUgSUKldakyV7W/WDQ=
google.golang.org/protobuf v1.35.2 h1:8Ar7bF+apOIoThw1EdZl0p1oWvMqTHmpA2fRTyZO8io=
google.golang.org/protobuf v1.35.2/go.mod h1:9fA7Ob0pmnwhb644+1+CVWFRbNajQ6iRojtC/QF5bRE=
gopkg.in/check.v1 v0.0.0-20161208181325-20d25e280405/go.mod h1:Co6ibVJAznAaIkqp8huTwlJQCZ016jof/cbN4VW5Yz0=
gopkg.in/yaml.v3 v3.0.0-20200313102051-9f266ea9e77c/go.mod h1:K4uyk7z7BCEPqu6E+C64Yfv1cQ7kz7rIZviUmN+EgEM=
gopkg.in/yaml.v3 v3.0.1 h1:fxVm/GzAzEWqLHuvctI91KS9hhNmmWOoWu0XTYJS7CA=
gopkg.in/yaml.v3 v3.0.1/go.mod h1:K4uyk7z7BCEPqu6E+C64Yfv1cQ7kz7rIZviUmN+EgEM=
